
Microsoft Visual Studio Solution File, Format Version 12.00
# Visual Studio Version 17
VisualStudioVersion = 17.4.33110.190
MinimumVisualStudioVersion = 10.0.40219.1
Project("{9A19103F-16F7-4668-BE54-9A1E7A4F7556}") = "DataAccess", "DataAccess\DataAccess.csproj", "{EAB43957-C7B8-4969-8480-A6ECF45B5D4B}"
EndProject
Project("{9A19103F-16F7-4668-BE54-9A1E7A4F7556}") = "Business", "Business\Business.csproj", "{98A97D47-C1A7-4ACD-A565-B609884E3FC4}"
EndProject
Project("{9A19103F-16F7-4668-BE54-9A1E7A4F7556}") = "Entities", "Entities\Entities.csproj", "{D56A4C79-81EF-4214-80D1-1FDDC8C5C4D8}"
EndProject
Project("{9A19103F-16F7-4668-BE54-9A1E7A4F7556}") = "ConsoleUI", "ConsoleUI\ConsoleUI.csproj", "{7D01A7E8-E943-478E-9BD0-4799D0FCF2E9}"
EndProject
Project("{FAE04EC0-301F-11D3-BF4B-00C04F79EFBC}") = "Core", "Core\Core.csproj", "{A26AC379-7FC0-4731-A8C2-A40E5FCC40DA}"
EndProject
Global
	GlobalSection(SolutionConfigurationPlatforms) = preSolution
		Debug|Any CPU = Debug|Any CPU
		Release|Any CPU = Release|Any CPU
	EndGlobalSection
	GlobalSection(ProjectConfigurationPlatforms) = postSolution
		{EAB43957-C7B8-4969-8480-A6ECF45B5D4B}.Debug|Any CPU.ActiveCfg = Debug|Any CPU
		{EAB43957-C7B8-4969-8480-A6ECF45B5D4B}.Debug|Any CPU.Build.0 = Debug|Any CPU
		{EAB43957-C7B8-4969-8480-A6ECF45B5D4B}.Release|Any CPU.ActiveCfg = Release|Any CPU
		{EAB43957-C7B8-4969-8480-A6ECF45B5D4B}.Release|Any CPU.Build.0 = Release|Any CPU
		{98A97D47-C1A7-4ACD-A565-B609884E3FC4}.Debug|Any CPU.ActiveCfg = Debug|Any CPU
		{98A97D47-C1A7-4ACD-A565-B609884E3FC4}.Debug|Any CPU.Build.0 = Debug|Any CPU
		{98A97D47-C1A7-4ACD-A565-B609884E3FC4}.Release|Any CPU.ActiveCfg = Release|Any CPU
		{98A97D47-C1A7-4ACD-A565-B609884E3FC4}.Release|Any CPU.Build.0 = Release|Any CPU
		{D56A4C79-81EF-4214-80D1-1FDDC8C5C4D8}.Debug|Any CPU.ActiveCfg = Debug|Any CPU
		{D56A4C79-81EF-4214-80D1-1FDDC8C5C4D8}.Debug|Any CPU.Build.0 = Debug|Any CPU
		{D56A4C79-81EF-4214-80D1-1FDDC8C5C4D8}.Release|Any CPU.ActiveCfg = Release|Any CPU
		{D56A4C79-81EF-4214-80D1-1FDDC8C5C4D8}.Release|Any CPU.Build.0 = Release|Any CPU
		{7D01A7E8-E943-478E-9BD0-4799D0FCF2E9}.Debug|Any CPU.ActiveCfg = Debug|Any CPU
		{7D01A7E8-E943-478E-9BD0-4799D0FCF2E9}.Debug|Any CPU.Build.0 = Debug|Any CPU
		{7D01A7E8-E943-478E-9BD0-4799D0FCF2E9}.Release|Any CPU.ActiveCfg = Release|Any CPU
		{7D01A7E8-E943-478E-9BD0-4799D0FCF2E9}.Release|Any CPU.Build.0 = Release|Any CPU
		{A26AC379-7FC0-4731-A8C2-A40E5FCC40DA}.Debug|Any CPU.ActiveCfg = Debug|Any CPU
		{A26AC379-7FC0-4731-A8C2-A40E5FCC40DA}.Debug|Any CPU.Build.0 = Debug|Any CPU
		{A26AC379-7FC0-4731-A8C2-A40E5FCC40DA}.Release|Any CPU.ActiveCfg = Release|Any CPU
		{A26AC379-7FC0-4731-A8C2-A40E5FCC40DA}.Release|Any CPU.Build.0 = Release|Any CPU
	EndGlobalSection
	GlobalSection(SolutionProperties) = preSolution
		HideSolutionNode = FALSE
	EndGlobalSection
	GlobalSection(ExtensibilityGlobals) = postSolution
		SolutionGuid = {503C51B4-B3D1-4BDC-AE60-BD4CA677BD84}
	EndGlobalSection
EndGlobal
